
Microsoft Visual Studio Solution File, Format Version 12.00
# Visual Studio Version 16
VisualStudioVersion = 16.0.31129.286
MinimumVisualStudioVersion = 10.0.40219.1
Project("{FAE04EC0-301F-11D3-BF4B-00C04F79EFBC}") = "DobbiKovDiscordBot", "DobbiKovDiscordBot\DobbiKovDiscordBot.csproj", "{7C0DFF95-6C0A-4CE5-B94C-3B88349B4958}"
EndProject
Global
	GlobalSection(SolutionConfigurationPlatforms) = preSolution
		Debug|Any CPU = Debug|Any CPU
		Release|Any CPU = Release|Any CPU
	EndGlobalSection
	GlobalSection(ProjectConfigurationPlatforms) = postSolution
		{7C0DFF95-6C0A-4CE5-B94C-3B88349B4958}.Debug|Any CPU.ActiveCfg = Debug|Any CPU
		{7C0DFF95-6C0A-4CE5-B94C-3B88349B4958}.Debug|Any CPU.Build.0 = Debug|Any CPU
		{7C0DFF95-6C0A-4CE5-B94C-3B88349B4958}.Release|Any CPU.ActiveCfg = Release|Any CPU
		{7C0DFF95-6C0A-4CE5-B94C-3B88349B4958}.Release|Any CPU.Build.0 = Release|Any CPU
	EndGlobalSection
	GlobalSection(SolutionProperties) = preSolution
		HideSolutionNode = FALSE
	EndGlobalSection
	GlobalSection(ExtensibilityGlobals) = postSolution
		SolutionGuid = {AA1E50C5-99FB-493D-8AFD-B4F76423804F}
	EndGlobalSection
EndGlobal
